{
  "name": "openagent",
  "version": "1.0.0",
  "lockfileVersion": 3,
  "requires": true,
  "packages": {
    "": {
      "name": "openagent",
      "version": "1.0.0",
      "license": "MIT",
      "workspaces": [
        "apps/*",
        "packages/*",
        "mcp-servers/*"
      ],
      "devDependencies": {
        "@types/node": "^25.0.9",
        "turbo": "^2.7.5",
        "typescript": "^5.9.3"
      }
    },
    "apps/cli": {
      "name": "openagent-cli",
      "version": "0.0.0",
      "license": "MIT",
      "bin": {
        "openagent": "dist/index.js"
      },
      "devDependencies": {
        "@types/node": "^20.0.0",
        "typescript": "^5.9.3"
      }
    },
    "apps/cli/node_modules/@types/node": {
      "version": "20.19.30",
      "resolved": "https://registry.npmjs.org/@types/node/-/node-20.19.30.tgz",
      "integrity": "sha512-WJtwWJu7UdlvzEAUm484QNg5eAoq5QR08KDNx7g45Usrs2NtOPiX8ugDqmKdXkyL03rBqU5dYNYVQetEpBHq2g==",
      "dev": true,
      "license": "MIT",
      "dependencies": {
        "undici-types": "~6.21.0"
      }
    },
    "apps/cli/node_modules/undici-types": {
      "version": "6.21.0",
      "resolved": "https://registry.npmjs.org/undici-types/-/undici-types-6.21.0.tgz",
      "integrity": "sha512-iwDZqg0QAGrg9Rav5H4n0M64c3mkR59cJ6wQp+7C4nI0gsmExaedaYLNO44eT4AtBBwjbTiGPMlt2Md0T9H9JQ==",
      "dev": true,
      "license": "MIT"
    },
    "node_modules/@openagent/core": {
      "resolved": "packages/core",
      "link": true
    },
    "node_modules/@openagent/hooks": {
      "resolved": "packages/hooks",
      "link": true
    },
    "node_modules/@openagent/llm": {
      "resolved": "packages/llm",
      "link": true
    },
    "node_modules/@openagent/mcp": {
      "resolved": "packages/mcp",
      "link": true
    },
    "node_modules/@openagent/tools": {
      "resolved": "packages/tools",
      "link": true
    },
    "node_modules/@types/node": {
      "version": "25.0.9",
      "resolved": "https://registry.npmjs.org/@types/node/-/node-25.0.9.tgz",
      "integrity": "sha512-/rpCXHlCWeqClNBwUhDcusJxXYDjZTyE8v5oTO7WbL8eij2nKhUeU89/6xgjU7N4/Vh3He0BtyhJdQbDyhiXAw==",
      "dev": true,
      "license": "MIT",
      "dependencies": {
        "undici-types": "~7.16.0"
      }
    },
    "node_modules/openagent-cli": {
      "resolved": "apps/cli",
      "link": true
    },
    "node_modules/turbo": {
      "version": "2.7.5",
      "resolved": "https://registry.npmjs.org/turbo/-/turbo-2.7.5.tgz",
      "integrity": "sha512-7Imdmg37joOloTnj+DPrab9hIaQcDdJ5RwSzcauo/wMOSAgO+A/I/8b3hsGGs6PWQz70m/jkPgdqWsfNKtwwDQ==",
      "dev": true,
      "license": "MIT",
      "bin": {
        "turbo": "bin/turbo"
      },
      "optionalDependencies": {
        "turbo-darwin-64": "2.7.5",
        "turbo-darwin-arm64": "2.7.5",
        "turbo-linux-64": "2.7.5",
        "turbo-linux-arm64": "2.7.5",
        "turbo-windows-64": "2.7.5",
        "turbo-windows-arm64": "2.7.5"
      }
    },
    "node_modules/turbo-darwin-64": {
      "version": "2.7.5",
      "resolved": "https://registry.npmjs.org/turbo-darwin-64/-/turbo-darwin-64-2.7.5.tgz",
      "integrity": "sha512-nN3wfLLj4OES/7awYyyM7fkU8U8sAFxsXau2bYJwAWi6T09jd87DgHD8N31zXaJ7LcpyppHWPRI2Ov9MuZEwnQ==",
      "cpu": [
        "x64"
      ],
      "dev": true,
      "license": "MIT",
      "optional": true,
      "os": [
        "darwin"
      ]
    },
    "node_modules/turbo-darwin-arm64": {
      "version": "2.7.5",
      "resolved": "https://registry.npmjs.org/turbo-darwin-arm64/-/turbo-darwin-arm64-2.7.5.tgz",
      "integrity": "sha512-wCoDHMiTf3FgLAbZHDDx/unNNonSGhsF5AbbYODbxnpYyoKDpEYacUEPjZD895vDhNvYCH0Nnk24YsP4n/cD6g==",
      "cpu": [
        "arm64"
      ],
      "dev": true,
      "license": "MIT",
      "optional": true,
      "os": [
        "darwin"
      ]
    },
    "node_modules/turbo-linux-64": {
      "version": "2.7.5",
      "resolved": "https://registry.npmjs.org/turbo-linux-64/-/turbo-linux-64-2.7.5.tgz",
      "integrity": "sha512-KKPvhOmJMmzWj/yjeO4LywkQ85vOJyhru7AZk/+c4B6OUh/odQ++SiIJBSbTG2lm1CuV5gV5vXZnf/2AMlu3Zg==",
      "cpu": [
        "x64"
      ],
      "dev": true,
      "license": "MIT",
      "optional": true,
      "os": [
        "linux"
      ]
    },
    "node_modules/turbo-linux-arm64": {
      "version": "2.7.5",
      "resolved": "https://registry.npmjs.org/turbo-linux-arm64/-/turbo-linux-arm64-2.7.5.tgz",
      "integrity": "sha512-8PIva4L6BQhiPikUTds9lSFSHXVDAsEvV6QUlgwPsXrtXVQMVi6Sv9p+IxtlWQFvGkdYJUgX9GnK2rC030Xcmw==",
      "cpu": [
        "arm64"
      ],
      "dev": true,
      "license": "MIT",
      "optional": true,
      "os": [
        "linux"
      ]
    },
    "node_modules/turbo-windows-64": {
      "version": "2.7.5",
      "resolved": "https://registry.npmjs.org/turbo-windows-64/-/turbo-windows-64-2.7.5.tgz",
      "integrity": "sha512-rupskv/mkIUgQXzX/wUiK00mKMorQcK8yzhGFha/D5lm05FEnLx8dsip6rWzMcVpvh+4GUMA56PgtnOgpel2AA==",
      "cpu": [
        "x64"
      ],
      "dev": true,
      "license": "MIT",
      "optional": true,
      "os": [
        "win32"
      ]
    },
    "node_modules/turbo-windows-arm64": {
      "version": "2.7.5",
      "resolved": "https://registry.npmjs.org/turbo-windows-arm64/-/turbo-windows-arm64-2.7.5.tgz",
      "integrity": "sha512-G377Gxn6P42RnCzfMyDvsqQV7j69kVHKlhz9J4RhtJOB5+DyY4yYh/w0oTIxZQ4JRMmhjwLu3w9zncMoQ6nNDw==",
      "cpu": [
        "arm64"
      ],
      "dev": true,
      "license": "MIT",
      "optional": true,
      "os": [
        "win32"
      ]
    },
    "node_modules/typescript": {
      "version": "5.9.3",
      "resolved": "https://registry.npmjs.org/typescript/-/typescript-5.9.3.tgz",
      "integrity": "sha512-jl1vZzPDinLr9eUt3J/t7V6FgNEw9QjvBPdysz9KfQDD41fQrC2Y4vKQdiaUpFT4bXlb1RHhLpp8wtm6M5TgSw==",
      "dev": true,
      "license": "Apache-2.0",
      "bin": {
        "tsc": "bin/tsc",
        "tsserver": "bin/tsserver"
      },
      "engines": {
        "node": ">=14.17"
      }
    },
    "node_modules/undici-types": {
      "version": "7.16.0",
      "resolved": "https://registry.npmjs.org/undici-types/-/undici-types-7.16.0.tgz",
      "integrity": "sha512-Zz+aZWSj8LE6zoxD+xrjh4VfkIG8Ya6LvYkZqtUQGJPZjYl53ypCaUwWqo7eI0x66KBGeRo+mlBEkMSeSZ38Nw==",
      "dev": true,
      "license": "MIT"
    },
    "packages/core": {
      "name": "@openagent/core",
      "version": "0.0.0",
      "license": "MIT",
      "devDependencies": {
        "typescript": "^5.9.3"
      }
    },
    "packages/hooks": {
      "name": "@openagent/hooks",
      "version": "0.0.0",
      "license": "MIT",
      "devDependencies": {
        "typescript": "^5.9.3"
      }
    },
    "packages/llm": {
      "name": "@openagent/llm",
      "version": "0.0.0",
      "license": "MIT",
      "devDependencies": {
        "typescript": "^5.9.3"
      }
    },
    "packages/mcp": {
      "name": "@openagent/mcp",
      "version": "0.0.0",
      "license": "MIT",
      "devDependencies": {
        "typescript": "^5.9.3"
      }
    },
    "packages/tools": {
      "name": "@openagent/tools",
      "version": "0.0.0",
      "license": "MIT",
      "devDependencies": {
        "typescript": "^5.9.3"
      }
    }
  }
}
